
Microsoft Visual Studio Solution File, Format Version 12.00
Project("{FAE04EC0-301F-11D3-BF4B-00C04F79EFBC}") = "blazor", "blazor\blazor.csproj", "{9F51086F-C2B2-4BDE-9008-A97F805B7ADD}"
EndProject
Global
	GlobalSection(SolutionConfigurationPlatforms) = preSolution
		Debug|Any CPU = Debug|Any CPU
		Release|Any CPU = Release|Any CPU
	EndGlobalSection
	GlobalSection(ProjectConfigurationPlatforms) = postSolution
		{9F51086F-C2B2-4BDE-9008-A97F805B7ADD}.Debug|Any CPU.ActiveCfg = Debug|Any CPU
		{9F51086F-C2B2-4BDE-9008-A97F805B7ADD}.Debug|Any CPU.Build.0 = Debug|Any CPU
		{9F51086F-C2B2-4BDE-9008-A97F805B7ADD}.Release|Any CPU.ActiveCfg = Release|Any CPU
		{9F51086F-C2B2-4BDE-9008-A97F805B7ADD}.Release|Any CPU.Build.0 = Release|Any CPU
	EndGlobalSection
EndGlobal
